
Microsoft Visual Studio Solution File, Format Version 12.00
# Visual Studio 15
VisualStudioVersion = 15.0.27130.2027
MinimumVisualStudioVersion = 10.0.40219.1
Project("{FAE04EC0-301F-11D3-BF4B-00C04F79EFBC}") = "Lesson7", "Lesson7\Lesson7.csproj", "{169A088E-AD7B-4661-97F3-D01B19926212}"
EndProject
Global
	GlobalSection(SolutionConfigurationPlatforms) = preSolution
		Debug|Any CPU = Debug|Any CPU
		Release|Any CPU = Release|Any CPU
	EndGlobalSection
	GlobalSection(ProjectConfigurationPlatforms) = postSolution
		{169A088E-AD7B-4661-97F3-D01B19926212}.Debug|Any CPU.ActiveCfg = Debug|Any CPU
		{169A088E-AD7B-4661-97F3-D01B19926212}.Debug|Any CPU.Build.0 = Debug|Any CPU
		{169A088E-AD7B-4661-97F3-D01B19926212}.Release|Any CPU.ActiveCfg = Release|Any CPU
		{169A088E-AD7B-4661-97F3-D01B19926212}.Release|Any CPU.Build.0 = Release|Any CPU
	EndGlobalSection
	GlobalSection(SolutionProperties) = preSolution
		HideSolutionNode = FALSE
	EndGlobalSection
	GlobalSection(ExtensibilityGlobals) = postSolution
		SolutionGuid = {CEA114EC-DD2E-4653-8B7C-01CBDBC65F51}
	EndGlobalSection
EndGlobal
